
Microsoft Visual Studio Solution File, Format Version 12.00
# Visual Studio Version 17
VisualStudioVersion = 17.7.34024.191
MinimumVisualStudioVersion = 10.0.40219.1
Project("{FAE04EC0-301F-11D3-BF4B-00C04F79EFBC}") = "lab1_task2", "lab1_task2\lab1_task2.csproj", "{5B07461F-568F-470D-B851-0C489284D7A8}"
EndProject
Global
	GlobalSection(SolutionConfigurationPlatforms) = preSolution
		Debug|Any CPU = Debug|Any CPU
		Release|Any CPU = Release|Any CPU
	EndGlobalSection
	GlobalSection(ProjectConfigurationPlatforms) = postSolution
		{5B07461F-568F-470D-B851-0C489284D7A8}.Debug|Any CPU.ActiveCfg = Debug|Any CPU
		{5B07461F-568F-470D-B851-0C489284D7A8}.Debug|Any CPU.Build.0 = Debug|Any CPU
		{5B07461F-568F-470D-B851-0C489284D7A8}.Release|Any CPU.ActiveCfg = Release|Any CPU
		{5B07461F-568F-470D-B851-0C489284D7A8}.Release|Any CPU.Build.0 = Release|Any CPU
	EndGlobalSection
	GlobalSection(SolutionProperties) = preSolution
		HideSolutionNode = FALSE
	EndGlobalSection
	GlobalSection(ExtensibilityGlobals) = postSolution
		SolutionGuid = {35C78CC0-DDF9-4AC9-9259-699DE3C9D443}
	EndGlobalSection
EndGlobal
